// !$*UTF8*$!
{
	archiveVersion = 1;
	classes = {
	};
	objectVersion = 50;
	objects = {

/* Begin PBXBuildFile section */
		5A81AC7B264EAB7E00282009 /* AppDelegate.swift in Sources */ = {isa = PBXBuildFile; fileRef = 5A81AC7A264EAB7E00282009 /* AppDelegate.swift */; };
		5A81AC7D264EAB7E00282009 /* SceneDelegate.swift in Sources */ = {isa = PBXBuildFile; fileRef = 5A81AC7C264EAB7E00282009 /* SceneDelegate.swift */; };
		5A81AC7F264EAB7E00282009 /* ViewController.swift in Sources */ = {isa = PBXBuildFile; fileRef = 5A81AC7E264EAB7E00282009 /* ViewController.swift */; };
		5A81AC82264EAB7E00282009 /* Main.storyboard in Resources */ = {isa = PBXBuildFile; fileRef = 5A81AC80264EAB7E00282009 /* Main.storyboard */; };
		5A81AC84264EAB8900282009 /* Assets.xcassets in Resources */ = {isa = PBXBuildFile; fileRef = 5A81AC83264EAB8900282009 /* Assets.xcassets */; };
		5A81AC87264EAB8900282009 /* LaunchScreen.storyboard in Resources */ = {isa = PBXBuildFile; fileRef = 5A81AC85264EAB8900282009 /* LaunchScreen.storyboard */; };
		5A81AC92264EAB8900282009 /* PhotoMasterTests.swift in Sources */ = {isa = PBXBuildFile; fileRef = 5A81AC91264EAB8900282009 /* PhotoMasterTests.swift */; };
		5A81AC9D264EAB8900282009 /* PhotoMasterUITests.swift in Sources */ = {isa = PBXBuildFile; fileRef = 5A81AC9C264EAB8900282009 /* PhotoMasterUITests.swift */; };
/* End PBXBuildFile section */

/* Begin PBXContainerItemProxy section */
		5A81AC8E264EAB8900282009 /* PBXContainerItemProxy */ = {
			isa = PBXContainerItemProxy;
			containerPortal = 5A81AC6F264EAB7E00282009 /* Project object */;
			proxyType = 1;
			remoteGlobalIDString = 5A81AC76264EAB7E00282009;
			remoteInfo = PhotoMaster;
		};
		5A81AC99264EAB8900282009 /* PBXContainerItemProxy */ = {
			isa = PBXContainerItemProxy;
			containerPortal = 5A81AC6F264EAB7E00282009 /* Project object */;
			proxyType = 1;
			remoteGlobalIDString = 5A81AC76264EAB7E00282009;
			remoteInfo = PhotoMaster;
		};
/* End PBXContainerItemProxy section */

/* Begin PBXFileReference section */
		5A81AC77264EAB7E00282009 /* PhotoMaster.app */ = {isa = PBXFileReference; explicitFileType = wrapper.application; includeInIndex = 0; path = PhotoMaster.app; sourceTree = BUILT_PRODUCTS_DIR; };
		5A81AC7A264EAB7E00282009 /* AppDelegate.swift */ = {isa = PBXFileReference; lastKnownFileType = sourcecode.swift; path = AppDelegate.swift; sourceTree = "<group>"; };
		5A81AC7C264EAB7E00282009 /* SceneDelegate.swift */ = {isa = PBXFileReference; lastKnownFileType = sourcecode.swift; path = SceneDelegate.swift; sourceTree = "<group>"; };
		5A81AC7E264EAB7E00282009 /* ViewController.swift */ = {isa = PBXFileReference; lastKnownFileType = sourcecode.swift; path = ViewController.swift; sourceTree = "<group>"; };
		5A81AC81264EAB7E00282009 /* Base */ = {isa = PBXFileReference; lastKnownFileType = file.storyboard; name = Base; path = Base.lproj/Main.storyboard; sourceTree = "<group>"; };
		5A81AC83264EAB8900282009 /* Assets.xcassets */ = {isa = PBXFileReference; lastKnownFileType = folder.assetcatalog; path = Assets.xcassets; sourceTree = "<group>"; };
		5A81AC86264EAB8900282009 /* Base */ = {isa = PBXFileReference; lastKnownFileType = file.storyboard; name = Base; path = Base.lproj/LaunchScreen.storyboard; sourceTree = "<group>"; };
		5A81AC88264EAB8900282009 /* Info.plist */ = {isa = PBXFileReference; lastKnownFileType = text.plist.xml; path = Info.plist; sourceTree = "<group>"; };
		5A81AC8D264EAB8900282009 /* PhotoMasterTests.xctest */ = {isa = PBXFileReference; explicitFileType = wrapper.cfbundle; includeInIndex = 0; path = PhotoMasterTests.xctest; sourceTree = BUILT_PRODUCTS_DIR; };
		5A81AC91264EAB8900282009 /* PhotoMasterTests.swift */ = {isa = PBXFileReference; lastKnownFileType = sourcecode.swift; path = PhotoMasterTests.swift; sourceTree = "<group>"; };
		5A81AC93264EAB8900282009 /* Info.plist */ = {isa = PBXFileReference; lastKnownFileType = text.plist.xml; path = Info.plist; sourceTree = "<group>"; };
		5A81AC98264EAB8900282009 /* PhotoMasterUITests.xctest */ = {isa = PBXFileReference; explicitFileType = wrapper.cfbundle; includeInIndex = 0; path = PhotoMasterUITests.xctest; sourceTree = BUILT_PRODUCTS_DIR; };
		5A81AC9C264EAB8900282009 /* PhotoMasterUITests.swift */ = {isa = PBXFileReference; lastKnownFileType = sourcecode.swift; path = PhotoMasterUITests.swift; sourceTree = "<group>"; };
		5A81AC9E264EAB8900282009 /* Info.plist */ = {isa = PBXFileReference; lastKnownFileType = text.plist.xml; path = Info.plist; sourceTree = "<group>"; };
/* End PBXFileReference section */

/* Begin PBXFrameworksBuildPhase section */
		5A81AC74264EAB7E00282009 /* Frameworks */ = {
			isa = PBXFrameworksBuildPhase;
			buildActionMask = 2147483647;
			files = (
			);
			runOnlyForDeploymentPostprocessing = 0;
		};
		5A81AC8A264EAB8900282009 /* Frameworks */ = {
			isa = PBXFrameworksBuildPhase;
			buildActionMask = 2147483647;
			files = (
			);
			runOnlyForDeploymentPostprocessing = 0;
		};
		5A81AC95264EAB8900282009 /* Frameworks */ = {
			isa = PBXFrameworksBuildPhase;
			buildActionMask = 2147483647;
			files = (
			);
			runOnlyForDeploymentPostprocessing = 0;
		};
/* End PBXFrameworksBuildPhase section */

/* Begin PBXGroup section */
		5A81AC6E264EAB7D00282009 = {
			isa = PBXGroup;
			children = (
				5A81AC79264EAB7E00282009 /* PhotoMaster */,
				5A81AC90264EAB8900282009 /* PhotoMasterTests */,
				5A81AC9B264EAB8900282009 /* PhotoMasterUITests */,
				5A81AC78264EAB7E00282009 /* Products */,
			);
			sourceTree = "<group>";
		};
		5A81AC78264EAB7E00282009 /* Products */ = {
			isa = PBXGroup;
			children = (
				5A81AC77264EAB7E00282009 /* PhotoMaster.app */,
				5A81AC8D264EAB8900282009 /* PhotoMasterTests.xctest */,
				5A81AC98264EAB8900282009 /* PhotoMasterUITests.xctest */,
			);
			name = Products;
			sourceTree = "<group>";
		};
		5A81AC79264EAB7E00282009 /* PhotoMaster */ = {
			isa = PBXGroup;
			children = (
				5A81AC7A264EAB7E00282009 /* AppDelegate.swift */,
				5A81AC7C264EAB7E00282009 /* SceneDelegate.swift */,
				5A81AC7E264EAB7E00282009 /* ViewController.swift */,
				5A81AC80264EAB7E00282009 /* Main.storyboard */,
				5A81AC83264EAB8900282009 /* Assets.xcassets */,
				5A81AC85264EAB8900282009 /* LaunchScreen.storyboard */,
				5A81AC88264EAB8900282009 /* Info.plist */,
			);
			path = PhotoMaster;
			sourceTree = "<group>";
		};
		5A81AC90264EAB8900282009 /* PhotoMasterTests */ = {
			isa = PBXGroup;
			children = (
				5A81AC91264EAB8900282009 /* PhotoMasterTests.swift */,
				5A81AC93264EAB8900282009 /* Info.plist */,
			);
			path = PhotoMasterTests;
			sourceTree = "<group>";
		};
		5A81AC9B264EAB8900282009 /* PhotoMasterUITests */ = {
			isa = PBXGroup;
			children = (
				5A81AC9C264EAB8900282009 /* PhotoMasterUITests.swift */,
				5A81AC9E264EAB8900282009 /* Info.plist */,
			);
			path = PhotoMasterUITests;
			sourceTree = "<group>";
		};
/* End PBXGroup section */

/* Begin PBXNativeTarget section */
		5A81AC76264EAB7E00282009 /* PhotoMaster */ = {
			isa = PBXNativeTarget;
			buildConfigurationList = 5A81ACA1264EAB8900282009 /* Build configuration list for PBXNativeTarget "PhotoMaster" */;
			buildPhases = (
				5A81AC73264EAB7E00282009 /* Sources */,
				5A81AC74264EAB7E00282009 /* Frameworks */,
				5A81AC75264EAB7E00282009 /* Resources */,
			);
			buildRules = (
			);
			dependencies = (
			);
			name = PhotoMaster;
			productName = PhotoMaster;
			productReference = 5A81AC77264EAB7E00282009 /* PhotoMaster.app */;
			productType = "com.apple.product-type.application";
		};
		5A81AC8C264EAB8900282009 /* PhotoMasterTests */ = {
			isa = PBXNativeTarget;
			buildConfigurationList = 5A81ACA4264EAB8900282009 /* Build configuration list for PBXNativeTarget "PhotoMasterTests" */;
			buildPhases = (
				5A81AC89264EAB8900282009 /* Sources */,
				5A81AC8A264EAB8900282009 /* Frameworks */,
				5A81AC8B264EAB8900282009 /* Resources */,
			);
			buildRules = (
			);
			dependencies = (
				5A81AC8F264EAB8900282009 /* PBXTargetDependency */,
			);
			name = PhotoMasterTests;
			productName = PhotoMasterTests;
			productReference = 5A81AC8D264EAB8900282009 /* PhotoMasterTests.xctest */;
			productType = "com.apple.product-type.bundle.unit-test";
		};
		5A81AC97264EAB8900282009 /* PhotoMasterUITests */ = {
			isa = PBXNativeTarget;
			buildConfigurationList = 5A81ACA7264EAB8900282009 /* Build configuration list for PBXNativeTarget "PhotoMasterUITests" */;
			buildPhases = (
				5A81AC94264EAB8900282009 /* Sources */,
				5A81AC95264EAB8900282009 /* Frameworks */,
				5A81AC96264EAB8900282009 /* Resources */,
			);
			buildRules = (
			);
			dependencies = (
				5A81AC9A264EAB8900282009 /* PBXTargetDependency */,
			);
			name = PhotoMasterUITests;
			productName = PhotoMasterUITests;
			productReference = 5A81AC98264EAB8900282009 /* PhotoMasterUITests.xctest */;
			productType = "com.apple.product-type.bundle.ui-testing";
		};
/* End PBXNativeTarget section */

/* Begin PBXProject section */
		5A81AC6F264EAB7E00282009 /* Project object */ = {
			isa = PBXProject;
			attributes = {
				LastSwiftUpdateCheck = 1250;
				LastUpgradeCheck = 1250;
				TargetAttributes = {
					5A81AC76264EAB7E00282009 = {
						CreatedOnToolsVersion = 12.5;
					};
					5A81AC8C264EAB8900282009 = {
						CreatedOnToolsVersion = 12.5;
						TestTargetID = 5A81AC76264EAB7E00282009;
					};
					5A81AC97264EAB8900282009 = {
						CreatedOnToolsVersion = 12.5;
						TestTargetID = 5A81AC76264EAB7E00282009;
					};
				};
			};
			buildConfigurationList = 5A81AC72264EAB7E00282009 /* Build configuration list for PBXProject "PhotoMaster" */;
			compatibilityVersion = "Xcode 9.3";
			developmentRegion = en;
			hasScannedForEncodings = 0;
			knownRegions = (
				en,
				Base,
			);
			mainGroup = 5A81AC6E264EAB7D00282009;
			productRefGroup = 5A81AC78264EAB7E00282009 /* Products */;
			projectDirPath = "";
			projectRoot = "";
			targets = (
				5A81AC76264EAB7E00282009 /* PhotoMaster */,
				5A81AC8C264EAB8900282009 /* PhotoMasterTests */,
				5A81AC97264EAB8900282009 /* PhotoMasterUITests */,
			);
		};
/* End PBXProject section */

/* Begin PBXResourcesBuildPhase section */
		5A81AC75264EAB7E00282009 /* Resources */ = {
			isa = PBXResourcesBuildPhase;
			buildActionMask = 2147483647;
			files = (
				5A81AC87264EAB8900282009 /* LaunchScreen.storyboard in Resources */,
				5A81AC84264EAB8900282009 /* Assets.xcassets in Resources */,
				5A81AC82264EAB7E00282009 /* Main.storyboard in Resources */,
			);
			runOnlyForDeploymentPostprocessing = 0;
		};
		5A81AC8B264EAB8900282009 /* Resources */ = {
			isa = PBXResourcesBuildPhase;
			buildActionMask = 2147483647;
			files = (
			);
			runOnlyForDeploymentPostprocessing = 0;
		};
		5A81AC96264EAB8900282009 /* Resources */ = {
			isa = PBXResourcesBuildPhase;
			buildActionMask = 2147483647;
			files = (
			);
			runOnlyForDeploymentPostprocessing = 0;
		};
/* End PBXResourcesBuildPhase section */

/* Begin PBXSourcesBuildPhase section */
		5A81AC73264EAB7E00282009 /* Sources */ = {
			isa = PBXSourcesBuildPhase;
			buildActionMask = 2147483647;
			files = (
				5A81AC7F264EAB7E00282009 /* ViewController.swift in Sources */,
				5A81AC7B264EAB7E00282009 /* AppDelegate.swift in Sources */,
				5A81AC7D264EAB7E00282009 /* SceneDelegate.swift in Sources */,
			);
			runOnlyForDeploymentPostprocessing = 0;
		};
		5A81AC89264EAB8900282009 /* Sources */ = {
			isa = PBXSourcesBuildPhase;
			buildActionMask = 2147483647;
			files = (
				5A81AC92264EAB8900282009 /* PhotoMasterTests.swift in Sources */,
			);
			runOnlyForDeploymentPostprocessing = 0;
		};
		5A81AC94264EAB8900282009 /* Sources */ = {
			isa = PBXSourcesBuildPhase;
			buildActionMask = 2147483647;
			files = (
				5A81AC9D264EAB8900282009 /* PhotoMasterUITests.swift in Sources */,
			);
			runOnlyForDeploymentPostprocessing = 0;
		};
/* End PBXSourcesBuildPhase section */

/* Begin PBXTargetDependency section */
		5A81AC8F264EAB8900282009 /* PBXTargetDependency */ = {
			isa = PBXTargetDependency;
			target = 5A81AC76264EAB7E00282009 /* PhotoMaster */;
			targetProxy = 5A81AC8E264EAB8900282009 /* PBXContainerItemProxy */;
		};
		5A81AC9A264EAB8900282009 /* PBXTargetDependency */ = {
			isa = PBXTargetDependency;
			target = 5A81AC76264EAB7E00282009 /* PhotoMaster */;
			targetProxy = 5A81AC99264EAB8900282009 /* PBXContainerItemProxy */;
		};
/* End PBXTargetDependency section */

/* Begin PBXVariantGroup section */
		5A81AC80264EAB7E00282009 /* Main.storyboard */ = {
			isa = PBXVariantGroup;
			children = (
				5A81AC81264EAB7E00282009 /* Base */,
			);
			name = Main.storyboard;
			sourceTree = "<group>";
		};
		5A81AC85264EAB8900282009 /* LaunchScreen.storyboard */ = {
			isa = PBXVariantGroup;
			children = (
				5A81AC86264EAB8900282009 /* Base */,
			);
			name = LaunchScreen.storyboard;
			sourceTree = "<group>";
		};
/* End PBXVariantGroup section */

/* Begin XCBuildConfiguration section */
		5A81AC9F264EAB8900282009 /* Debug */ = {
			isa = XCBuildConfiguration;
			buildSettings = {
				ALWAYS_SEARCH_USER_PATHS = NO;
				CLANG_ANALYZER_NONNULL = YES;
				CLANG_ANALYZER_NUMBER_OBJECT_CONVERSION = YES_AGGRESSIVE;
				CLANG_CXX_LANGUAGE_STANDARD = "gnu++14";
				CLANG_CXX_LIBRARY = "libc++";
				CLANG_ENABLE_MODULES = YES;
				CLANG_ENABLE_OBJC_ARC = YES;
				CLANG_ENABLE_OBJC_WEAK = YES;
				CLANG_WARN_BLOCK_CAPTURE_AUTORELEASING = YES;
				CLANG_WARN_BOOL_CONVERSION = YES;
				CLANG_WARN_COMMA = YES;
				CLANG_WARN_CONSTANT_CONVERSION = YES;
				CLANG_WARN_DEPRECATED_OBJC_IMPLEMENTATIONS = YES;
				CLANG_WARN_DIRECT_OBJC_ISA_USAGE = YES_ERROR;
				CLANG_WARN_DOCUMENTATION_COMMENTS = YES;
				CLANG_WARN_EMPTY_BODY = YES;
				CLANG_WARN_ENUM_CONVERSION = YES;
				CLANG_WARN_INFINITE_RECURSION = YES;
				CLANG_WARN_INT_CONVERSION = YES;
				CLANG_WARN_NON_LITERAL_NULL_CONVERSION = YES;
				CLANG_WARN_OBJC_IMPLICIT_RETAIN_SELF = YES;
				CLANG_WARN_OBJC_LITERAL_CONVERSION = YES;
				CLANG_WARN_OBJC_ROOT_CLASS = YES_ERROR;
				CLANG_WARN_QUOTED_INCLUDE_IN_FRAMEWORK_HEADER = YES;
				CLANG_WARN_RANGE_LOOP_ANALYSIS = YES;
				CLANG_WARN_STRICT_PROTOTYPES = YES;
				CLANG_WARN_SUSPICIOUS_MOVE = YES;
				CLANG_WARN_UNGUARDED_AVAILABILITY = YES_AGGRESSIVE;
				CLANG_WARN_UNREACHABLE_CODE = YES;
				CLANG_WARN__DUPLICATE_METHOD_MATCH = YES;
				COPY_PHASE_STRIP = NO;
				DEBUG_INFORMATION_FORMAT = dwarf;
				ENABLE_STRICT_OBJC_MSGSEND = YES;
				ENABLE_TESTABILITY = YES;
				GCC_C_LANGUAGE_STANDARD = gnu11;
				GCC_DYNAMIC_NO_PIC = NO;
				GCC_NO_COMMON_BLOCKS = YES;
				GCC_OPTIMIZATION_LEVEL = 0;
				GCC_PREPROCESSOR_DEFINITIONS = (
					"DEBUG=1",
					"$(inherited)",
				);
				GCC_WARN_64_TO_32_BIT_CONVERSION = YES;
				GCC_WARN_ABOUT_RETURN_TYPE = YES_ERROR;
				GCC_WARN_UNDECLARED_SELECTOR = YES;
				GCC_WARN_UNINITIALIZED_AUTOS = YES_AGGRESSIVE;
				GCC_WARN_UNUSED_FUNCTION = YES;
				GCC_WARN_UNUSED_VARIABLE = YES;
				IPHONEOS_DEPLOYMENT_TARGET = 14.5;
				MTL_ENABLE_DEBUG_INFO = INCLUDE_SOURCE;
				MTL_FAST_MATH = YES;
				ONLY_ACTIVE_ARCH = YES;
				SDKROOT = iphoneos;
				SWIFT_ACTIVE_COMPILATION_CONDITIONS = DEBUG;
				SWIFT_OPTIMIZATION_LEVEL = "-Onone";
			};
			name = Debug;
		};
		5A81ACA0264EAB8900282009 /* Release */ = {
			isa = XCBuildConfiguration;
			buildSettings = {
				ALWAYS_SEARCH_USER_PATHS = NO;
				CLANG_ANALYZER_NONNULL = YES;
				CLANG_ANALYZER_NUMBER_OBJECT_CONVERSION = YES_AGGRESSIVE;
				CLANG_CXX_LANGUAGE_STANDARD = "gnu++14";
				CLANG_CXX_LIBRARY = "libc++";
				CLANG_ENABLE_MODULES = YES;
				CLANG_ENABLE_OBJC_ARC = YES;
				CLANG_ENABLE_OBJC_WEAK = YES;
				CLANG_WARN_BLOCK_CAPTURE_AUTORELEASING = YES;
				CLANG_WARN_BOOL_CONVERSION = YES;
				CLANG_WARN_COMMA = YES;
				CLANG_WARN_CONSTANT_CONVERSION = YES;
				CLANG_WARN_DEPRECATED_OBJC_IMPLEMENTATIONS = YES;
				CLANG_WARN_DIRECT_OBJC_ISA_USAGE = YES_ERROR;
				CLANG_WARN_DOCUMENTATION_COMMENTS = YES;
				CLANG_WARN_EMPTY_BODY = YES;
				CLANG_WARN_ENUM_CONVERSION = YES;
				CLANG_WARN_INFINITE_RECURSION = YES;
				CLANG_WARN_INT_CONVERSION = YES;
				CLANG_WARN_NON_LITERAL_NULL_CONVERSION = YES;
				CLANG_WARN_OBJC_IMPLICIT_RETAIN_SELF = YES;
				CLANG_WARN_OBJC_LITERAL_CONVERSION = YES;
				CLANG_WARN_OBJC_ROOT_CLASS = YES_ERROR;
				CLANG_WARN_QUOTED_INCLUDE_IN_FRAMEWORK_HEADER = YES;
				CLANG_WARN_RANGE_LOOP_ANALYSIS = YES;
				CLANG_WARN_STRICT_PROTOTYPES = YES;
				CLANG_WARN_SUSPICIOUS_MOVE = YES;
				CLANG_WARN_UNGUARDED_AVAILABILITY = YES_AGGRESSIVE;
				CLANG_WARN_UNREACHABLE_CODE = YES;
				CLANG_WARN__DUPLICATE_METHOD_MATCH = YES;
				COPY_PHASE_STRIP = NO;
				DEBUG_INFORMATION_FORMAT = "dwarf-with-dsym";
				ENABLE_NS_ASSERTIONS = NO;
				ENABLE_STRICT_OBJC_MSGSEND = YES;
				GCC_C_LANGUAGE_STANDARD = gnu11;
				GCC_NO_COMMON_BLOCKS = YES;
				GCC_WARN_64_TO_32_BIT_CONVERSION = YES;
				GCC_WARN_ABOUT_RETURN_TYPE = YES_ERROR;
				GCC_WARN_UNDECLARED_SELECTOR = YES;
				GCC_WARN_UNINITIALIZED_AUTOS = YES_AGGRESSIVE;
				GCC_WARN_UNUSED_FUNCTION = YES;
				GCC_WARN_UNUSED_VARIABLE = YES;
				IPHONEOS_DEPLOYMENT_TARGET = 14.5;
				MTL_ENABLE_DEBUG_INFO = NO;
				MTL_FAST_MATH = YES;
				SDKROOT = iphoneos;
				SWIFT_COMPILATION_MODE = wholemodule;
				SWIFT_OPTIMIZATION_LEVEL = "-O";
				VALIDATE_PRODUCT = YES;
			};
			name = Release;
		};
		5A81ACA2264EAB8900282009 /* Debug */ = {
			isa = XCBuildConfiguration;
			buildSettings = {
				ASSETCATALOG_COMPILER_APPICON_NAME = AppIcon;
				ASSETCATALOG_COMPILER_GLOBAL_ACCENT_COLOR_NAME = AccentColor;
				CODE_SIGN_STYLE = Automatic;
				INFOPLIST_FILE = PhotoMaster/Info.plist;
				LD_RUNPATH_SEARCH_PATHS = (
					"$(inherited)",
					"@executable_path/Frameworks",
				);
				PRODUCT_BUNDLE_IDENTIFIER = app.kawano.com.PhotoMaster;
				PRODUCT_NAME = "$(TARGET_NAME)";
				SWIFT_VERSION = 5.0;
				TARGETED_DEVICE_FAMILY = "1,2";
			};
			name = Debug;
		};
		5A81ACA3264EAB8900282009 /* Release */ = {
			isa = XCBuildConfiguration;
			buildSettings = {
				ASSETCATALOG_COMPILER_APPICON_NAME = AppIcon;
				ASSETCATALOG_COMPILER_GLOBAL_ACCENT_COLOR_NAME = AccentColor;
				CODE_SIGN_STYLE = Automatic;
				INFOPLIST_FILE = PhotoMaster/Info.plist;
				LD_RUNPATH_SEARCH_PATHS = (
					"$(inherited)",
					"@executable_path/Frameworks",
				);
				PRODUCT_BUNDLE_IDENTIFIER = app.kawano.com.PhotoMaster;
				PRODUCT_NAME = "$(TARGET_NAME)";
				SWIFT_VERSION = 5.0;
				TARGETED_DEVICE_FAMILY = "1,2";
			};
			name = Release;
		};
		5A81ACA5264EAB8900282009 /* Debug */ = {
			isa = XCBuildConfiguration;
			buildSettings = {
				ALWAYS_EMBED_SWIFT_STANDARD_LIBRARIES = YES;
				BUNDLE_LOADER = "$(TEST_HOST)";
				CODE_SIGN_STYLE = Automatic;
				INFOPLIST_FILE = PhotoMasterTests/Info.plist;
				IPHONEOS_DEPLOYMENT_TARGET = 14.5;
				LD_RUNPATH_SEARCH_PATHS = (
					"$(inherited)",
					"@executable_path/Frameworks",
					"@loader_path/Frameworks",
				);
				PRODUCT_BUNDLE_IDENTIFIER = app.kawano.com.PhotoMasterTests;
				PRODUCT_NAME = "$(TARGET_NAME)";
				SWIFT_VERSION = 5.0;
				TARGETED_DEVICE_FAMILY = "1,2";
				TEST_HOST = "$(BUILT_PRODUCTS_DIR)/PhotoMaster.app/PhotoMaster";
			};
			name = Debug;
		};
		5A81ACA6264EAB8900282009 /* Release */ = {
			isa = XCBuildConfiguration;
			buildSettings = {
				ALWAYS_EMBED_SWIFT_STANDARD_LIBRARIES = YES;
				BUNDLE_LOADER = "$(TEST_HOST)";
				CODE_SIGN_STYLE = Automatic;
				INFOPLIST_FILE = PhotoMasterTests/Info.plist;
				IPHONEOS_DEPLOYMENT_TARGET = 14.5;
				LD_RUNPATH_SEARCH_PATHS = (
					"$(inherited)",
					"@executable_path/Frameworks",
					"@loader_path/Frameworks",
				);
				PRODUCT_BUNDLE_IDENTIFIER = app.kawano.com.PhotoMasterTests;
				PRODUCT_NAME = "$(TARGET_NAME)";
				SWIFT_VERSION = 5.0;
				TARGETED_DEVICE_FAMILY = "1,2";
				TEST_HOST = "$(BUILT_PRODUCTS_DIR)/PhotoMaster.app/PhotoMaster";
			};
			name = Release;
		};
		5A81ACA8264EAB8900282009 /* Debug */ = {
			isa = XCBuildConfiguration;
			buildSettings = {
				ALWAYS_EMBED_SWIFT_STANDARD_LIBRARIES = YES;
				CODE_SIGN_STYLE = Automatic;
				INFOPLIST_FILE = PhotoMasterUITests/Info.plist;
				LD_RUNPATH_SEARCH_PATHS = (
					"$(inherited)",
					"@executable_path/Frameworks",
					"@loader_path/Frameworks",
				);
				PRODUCT_BUNDLE_IDENTIFIER = app.kawano.com.PhotoMasterUITests;
				PRODUCT_NAME = "$(TARGET_NAME)";
				SWIFT_VERSION = 5.0;
				TARGETED_DEVICE_FAMILY = "1,2";
				TEST_TARGET_NAME = PhotoMaster;
			};
			name = Debug;
		};
		5A81ACA9264EAB8900282009 /* Release */ = {
			isa = XCBuildConfiguration;
			buildSettings = {
				ALWAYS_EMBED_SWIFT_STANDARD_LIBRARIES = YES;
				CODE_SIGN_STYLE = Automatic;
				INFOPLIST_FILE = PhotoMasterUITests/Info.plist;
				LD_RUNPATH_SEARCH_PATHS = (
					"$(inherited)",
					"@executable_path/Frameworks",
					"@loader_path/Frameworks",
				);
				PRODUCT_BUNDLE_IDENTIFIER = app.kawano.com.PhotoMasterUITests;
				PRODUCT_NAME = "$(TARGET_NAME)";
				SWIFT_VERSION = 5.0;
				TARGETED_DEVICE_FAMILY = "1,2";
				TEST_TARGET_NAME = PhotoMaster;
			};
			name = Release;
		};
/* End XCBuildConfiguration section */

/* Begin XCConfigurationList section */
		5A81AC72264EAB7E00282009 /* Build configuration list for PBXProject "PhotoMaster" */ = {
			isa = XCConfigurationList;
			buildConfigurations = (
				5A81AC9F264EAB8900282009 /* Debug */,
				5A81ACA0264EAB8900282009 /* Release */,
			);
			defaultConfigurationIsVisible = 0;
			defaultConfigurationName = Release;
		};
		5A81ACA1264EAB8900282009 /* Build configuration list for PBXNativeTarget "PhotoMaster" */ = {
			isa = XCConfigurationList;
			buildConfigurations = (
				5A81ACA2264EAB8900282009 /* Debug */,
				5A81ACA3264EAB8900282009 /* Release */,
			);
			defaultConfigurationIsVisible = 0;
			defaultConfigurationName = Release;
		};
		5A81ACA4264EAB8900282009 /* Build configuration list for PBXNativeTarget "PhotoMasterTests" */ = {
			isa = XCConfigurationList;
			buildConfigurations = (
				5A81ACA5264EAB8900282009 /* Debug */,
				5A81ACA6264EAB8900282009 /* Release */,
			);
			defaultConfigurationIsVisible = 0;
			defaultConfigurationName = Release;
		};
		5A81ACA7264EAB8900282009 /* Build configuration list for PBXNativeTarget "PhotoMasterUITests" */ = {
			isa = XCConfigurationList;
			buildConfigurations = (
				5A81ACA8264EAB8900282009 /* Debug */,
				5A81ACA9264EAB8900282009 /* Release */,
			);
			defaultConfigurationIsVisible = 0;
			defaultConfigurationName = Release;
		};
/* End XCConfigurationList section */
	};
	rootObject = 5A81AC6F264EAB7E00282009 /* Project object */;
}
